
Microsoft Visual Studio Solution File, Format Version 12.00
# Visual Studio 15
VisualStudioVersion = 15.0.26124.0
MinimumVisualStudioVersion = 15.0.26124.0
Project("{FAE04EC0-301F-11D3-BF4B-00C04F79EFBC}") = "WebApp", "WebApp\WebApp.csproj", "{3328D415-6680-4850-B3FF-AB926E0CCCB5}"
EndProject
Project("{FAE04EC0-301F-11D3-BF4B-00C04F79EFBC}") = "HalIntegrationApi", "HalIntegrationApi\HalIntegrationApi.csproj", "{1B9A820A-D7AF-4F61-B85E-3699F013103E}"
EndProject
Global
	GlobalSection(SolutionConfigurationPlatforms) = preSolution
		Debug|Any CPU = Debug|Any CPU
		Release|Any CPU = Release|Any CPU
	EndGlobalSection
	GlobalSection(ProjectConfigurationPlatforms) = postSolution
		{3328D415-6680-4850-B3FF-AB926E0CCCB5}.Debug|Any CPU.ActiveCfg = Debug|Any CPU
		{3328D415-6680-4850-B3FF-AB926E0CCCB5}.Debug|Any CPU.Build.0 = Debug|Any CPU
		{3328D415-6680-4850-B3FF-AB926E0CCCB5}.Release|Any CPU.ActiveCfg = Release|Any CPU
		{3328D415-6680-4850-B3FF-AB926E0CCCB5}.Release|Any CPU.Build.0 = Release|Any CPU
		{1B9A820A-D7AF-4F61-B85E-3699F013103E}.Debug|Any CPU.ActiveCfg = Debug|Any CPU
		{1B9A820A-D7AF-4F61-B85E-3699F013103E}.Debug|Any CPU.Build.0 = Debug|Any CPU
		{1B9A820A-D7AF-4F61-B85E-3699F013103E}.Release|Any CPU.ActiveCfg = Release|Any CPU
		{1B9A820A-D7AF-4F61-B85E-3699F013103E}.Release|Any CPU.Build.0 = Release|Any CPU
	EndGlobalSection
	GlobalSection(SolutionProperties) = preSolution
		HideSolutionNode = FALSE
	EndGlobalSection
	GlobalSection(ExtensibilityGlobals) = postSolution
		SolutionGuid = {2C298E8E-1AEC-488C-8D24-35658A1DF0B6}
	EndGlobalSection
EndGlobal
